
Microsoft Visual Studio Solution File, Format Version 9.00
# Visual Studio 2005
# SharpDevelop 5.0
Project("{BFDDE1D2-CFEE-4EA9-9108-F709EEBD945C}") = "StandardExe", "StandardExe\StandardExe.vbp", "{746FF3A4-66B9-406C-8BE0-ED96BBCD9614}"
EndProject
Project("{BFDDE1D2-CFEE-4EA9-9108-F709EEBD945C}") = "MyActiveXDLL", "MyActiveXDLL\MyActiveXDLL.vbp", "{D79C7DD0-5103-4402-B025-DDC45971F21A}"
EndProject
Global
	GlobalSection(SolutionConfigurationPlatforms) = preSolution
		Debug|Any CPU = Debug|Any CPU
		Release|Any CPU = Release|Any CPU
	EndGlobalSection
	GlobalSection(ProjectConfigurationPlatforms) = postSolution
		{746FF3A4-66B9-406C-8BE0-ED96BBCD9614}.Debug|Any CPU.ActiveCfg = Debug|Any CPU
		{746FF3A4-66B9-406C-8BE0-ED96BBCD9614}.Debug|Any CPU.Build.0 = Debug|Any CPU
		{746FF3A4-66B9-406C-8BE0-ED96BBCD9614}.Release|Any CPU.ActiveCfg = Release|Any CPU
		{746FF3A4-66B9-406C-8BE0-ED96BBCD9614}.Release|Any CPU.Build.0 = Release|Any CPU
		{D79C7DD0-5103-4402-B025-DDC45971F21A}.Debug|Any CPU.ActiveCfg = Debug|Any CPU
		{D79C7DD0-5103-4402-B025-DDC45971F21A}.Debug|Any CPU.Build.0 = Debug|Any CPU
		{D79C7DD0-5103-4402-B025-DDC45971F21A}.Release|Any CPU.ActiveCfg = Release|Any CPU
		{D79C7DD0-5103-4402-B025-DDC45971F21A}.Release|Any CPU.Build.0 = Release|Any CPU
	EndGlobalSection
EndGlobal
